Microsoft Visual Studio Solution File, Format Version 12.00
# Visual Studio Version 17
VisualStudioVersion = 17.5.2.0
MinimumVisualStudioVersion = 10.0.40219.1
Project("{FAE04EC0-301F-11D3-BF4B-00C04F79EFBC}") = "CitasEPS", "CitasEPS.csproj", "{457A532F-C6C8-A025-83EA-88E47FDDF3C7}"
EndProject
Global
	GlobalSection(SolutionConfigurationPlatforms) = preSolution
		Debug|Any CPU = Debug|Any CPU
		Release|Any CPU = Release|Any CPU
	EndGlobalSection
	GlobalSection(ProjectConfigurationPlatforms) = postSolution
		{457A532F-C6C8-A025-83EA-88E47FDDF3C7}.Debug|Any CPU.ActiveCfg = Debug|Any CPU
		{457A532F-C6C8-A025-83EA-88E47FDDF3C7}.Debug|Any CPU.Build.0 = Debug|Any CPU
		{457A532F-C6C8-A025-83EA-88E47FDDF3C7}.Release|Any CPU.ActiveCfg = Release|Any CPU
		{457A532F-C6C8-A025-83EA-88E47FDDF3C7}.Release|Any CPU.Build.0 = Release|Any CPU
	EndGlobalSection
	GlobalSection(SolutionProperties) = preSolution
		HideSolutionNode = FALSE
	EndGlobalSection
	GlobalSection(ExtensibilityGlobals) = postSolution
		SolutionGuid = {BBCB0655-24EA-4DB3-A547-462256BD7B10}
	EndGlobalSection
EndGlobal
